
Microsoft Visual Studio Solution File, Format Version 12.00
# Visual Studio Version 17
VisualStudioVersion = 17.0.31919.166
MinimumVisualStudioVersion = 10.0.40219.1
Project("{FAE04EC0-301F-11D3-BF4B-00C04F79EFBC}") = "aulas", "aulas\aulas.csproj", "{BA317CE3-BC56-44AC-B86C-823171EE87DD}"
EndProject
Global
	GlobalSection(SolutionConfigurationPlatforms) = preSolution
		Debug|Any CPU = Debug|Any CPU
		Release|Any CPU = Release|Any CPU
	EndGlobalSection
	GlobalSection(ProjectConfigurationPlatforms) = postSolution
		{BA317CE3-BC56-44AC-B86C-823171EE87DD}.Debug|Any CPU.ActiveCfg = Debug|Any CPU
		{BA317CE3-BC56-44AC-B86C-823171EE87DD}.Debug|Any CPU.Build.0 = Debug|Any CPU
		{BA317CE3-BC56-44AC-B86C-823171EE87DD}.Release|Any CPU.ActiveCfg = Release|Any CPU
		{BA317CE3-BC56-44AC-B86C-823171EE87DD}.Release|Any CPU.Build.0 = Release|Any CPU
	EndGlobalSection
	GlobalSection(SolutionProperties) = preSolution
		HideSolutionNode = FALSE
	EndGlobalSection
	GlobalSection(ExtensibilityGlobals) = postSolution
		SolutionGuid = {306AAB73-5340-4E11-A70A-6F774B77E15D}
	EndGlobalSection
EndGlobal
