
Microsoft Visual Studio Solution File, Format Version 12.00
# Visual Studio Version 17
VisualStudioVersion = 17.0.31919.166
MinimumVisualStudioVersion = 10.0.40219.1
Project("{FAE04EC0-301F-11D3-BF4B-00C04F79EFBC}") = "Atividade_16022023", "Atividade_16022023\Atividade_16022023.csproj", "{4A981DF4-3064-499B-93D5-3956F35F0651}"
EndProject
Global
	GlobalSection(SolutionConfigurationPlatforms) = preSolution
		Debug|Any CPU = Debug|Any CPU
		Release|Any CPU = Release|Any CPU
	EndGlobalSection
	GlobalSection(ProjectConfigurationPlatforms) = postSolution
		{4A981DF4-3064-499B-93D5-3956F35F0651}.Debug|Any CPU.ActiveCfg = Debug|Any CPU
		{4A981DF4-3064-499B-93D5-3956F35F0651}.Debug|Any CPU.Build.0 = Debug|Any CPU
		{4A981DF4-3064-499B-93D5-3956F35F0651}.Release|Any CPU.ActiveCfg = Release|Any CPU
		{4A981DF4-3064-499B-93D5-3956F35F0651}.Release|Any CPU.Build.0 = Release|Any CPU
	EndGlobalSection
	GlobalSection(SolutionProperties) = preSolution
		HideSolutionNode = FALSE
	EndGlobalSection
	GlobalSection(ExtensibilityGlobals) = postSolution
		SolutionGuid = {A6CA2009-2D4F-47AD-B73A-08E6AA7DFD43}
	EndGlobalSection
EndGlobal
